
Microsoft Visual Studio Solution File, Format Version 12.00
# Visual Studio 14
VisualStudioVersion = 14.0.25420.1
MinimumVisualStudioVersion = 10.0.40219.1
Project("{FAE04EC0-301F-11D3-BF4B-00C04F79EFBC}") = "Greetings", "Greetings\Greetings\Greetings.csproj", "{E06F8F70-46B2-472E-8102-B272C114018B}"
EndProject
Project("{FAE04EC0-301F-11D3-BF4B-00C04F79EFBC}") = "Greetings.Droid", "Greetings\Greetings.Droid\Greetings.Droid.csproj", "{224E03E4-34D8-4089-9080-D452F70A5673}"
EndProject
Project("{FAE04EC0-301F-11D3-BF4B-00C04F79EFBC}") = "Greetings.iOS", "Greetings\Greetings.iOS\Greetings.iOS.csproj", "{428F14C8-7205-453C-AF02-F0D6FCCE9683}"
EndProject
Project("{FAE04EC0-301F-11D3-BF4B-00C04F79EFBC}") = "Greetings.WinPhone", "Greetings\Greetings.WinPhone\Greetings.WinPhone.csproj", "{059266B4-E61B-4D63-88FE-20A8AEEAF397}"
EndProject
Project("{FAE04EC0-301F-11D3-BF4B-00C04F79EFBC}") = "Greetings.UWP", "Greetings\Greetings.UWP\Greetings.UWP.csproj", "{09C2151E-98D8-4E09-BFB1-CA13EA0B8CEB}"
EndProject
Project("{FAE04EC0-301F-11D3-BF4B-00C04F79EFBC}") = "Greetings.Windows", "Greetings\Greetings.Windows\Greetings.Windows.csproj", "{A97ADEC7-DBBC-4CCD-9F88-508899E82213}"
EndProject
Global
	GlobalSection(SolutionConfigurationPlatforms) = preSolution
		Ad-Hoc|Any CPU = Ad-Hoc|Any CPU
		Ad-Hoc|ARM = Ad-Hoc|ARM
		Ad-Hoc|iPhone = Ad-Hoc|iPhone
		Ad-Hoc|iPhoneSimulator = Ad-Hoc|iPhoneSimulator
		Ad-Hoc|x64 = Ad-Hoc|x64
		Ad-Hoc|x86 = Ad-Hoc|x86
		AppStore|Any CPU = AppStore|Any CPU
		AppStore|ARM = AppStore|ARM
		AppStore|iPhone = AppStore|iPhone
		AppStore|iPhoneSimulator = AppStore|iPhoneSimulator
		AppStore|x64 = AppStore|x64
		AppStore|x86 = AppStore|x86
		Debug|Any CPU = Debug|Any CPU
		Debug|ARM = Debug|ARM
		Debug|iPhone = Debug|iPhone
		Debug|iPhoneSimulator = Debug|iPhoneSimulator
		Debug|x64 = Debug|x64
		Debug|x86 = Debug|x86
		Release|Any CPU = Release|Any CPU
		Release|ARM = Release|ARM
		Release|iPhone = Release|iPhone
		Release|iPhoneSimulator = Release|iPhoneSimulator
		Release|x64 = Release|x64
		Release|x86 = Release|x86
	EndGlobalSection
	GlobalSection(ProjectConfigurationPlatforms) = postSolution
		{E06F8F70-46B2-472E-8102-B272C114018B}.Ad-Hoc|Any CPU.ActiveCfg = Release|Any CPU
		{E06F8F70-46B2-472E-8102-B272C114018B}.Ad-Hoc|Any CPU.Build.0 = Release|Any CPU
		{E06F8F70-46B2-472E-8102-B272C114018B}.Ad-Hoc|ARM.ActiveCfg = Release|Any CPU
		{E06F8F70-46B2-472E-8102-B272C114018B}.Ad-Hoc|ARM.Build.0 = Release|Any CPU
		{E06F8F70-46B2-472E-8102-B272C114018B}.Ad-Hoc|iPhone.ActiveCfg = Release|Any CPU
		{E06F8F70-46B2-472E-8102-B272C114018B}.Ad-Hoc|iPhone.Build.0 = Release|Any CPU
		{E06F8F70-46B2-472E-8102-B272C114018B}.Ad-Hoc|iPhoneSimulator.ActiveCfg = Release|Any CPU
		{E06F8F70-46B2-472E-8102-B272C114018B}.Ad-Hoc|iPhoneSimulator.Build.0 = Release|Any CPU
		{E06F8F70-46B2-472E-8102-B272C114018B}.Ad-Hoc|x64.ActiveCfg = Release|Any CPU
		{E06F8F70-46B2-472E-8102-B272C114018B}.Ad-Hoc|x64.Build.0 = Release|Any CPU
		{E06F8F70-46B2-472E-8102-B272C114018B}.Ad-Hoc|x86.ActiveCfg = Release|Any CPU
		{E06F8F70-46B2-472E-8102-B272C114018B}.Ad-Hoc|x86.Build.0 = Release|Any CPU
		{E06F8F70-46B2-472E-8102-B272C114018B}.AppStore|Any CPU.ActiveCfg = Release|Any CPU
		{E06F8F70-46B2-472E-8102-B272C114018B}.AppStore|Any CPU.Build.0 = Release|Any CPU
		{E06F8F70-46B2-472E-8102-B272C114018B}.AppStore|ARM.ActiveCfg = Release|Any CPU
		{E06F8F70-46B2-472E-8102-B272C114018B}.AppStore|ARM.Build.0 = Release|Any CPU
		{E06F8F70-46B2-472E-8102-B272C114018B}.AppStore|iPhone.ActiveCfg = Release|Any CPU
		{E06F8F70-46B2-472E-8102-B272C114018B}.AppStore|iPhone.Build.0 = Release|Any CPU
		{E06F8F70-46B2-472E-8102-B272C114018B}.AppStore|iPhoneSimulator.ActiveCfg = Release|Any CPU
		{E06F8F70-46B2-472E-8102-B272C114018B}.AppStore|iPhoneSimulator.Build.0 = Release|Any CPU
		{E06F8F70-46B2-472E-8102-B272C114018B}.AppStore|x64.ActiveCfg = Release|Any CPU
		{E06F8F70-46B2-472E-8102-B272C114018B}.AppStore|x64.Build.0 = Release|Any CPU
		{E06F8F70-46B2-472E-8102-B272C114018B}.AppStore|x86.ActiveCfg = Release|Any CPU
		{E06F8F70-46B2-472E-8102-B272C114018B}.AppStore|x86.Build.0 = Release|Any CPU
		{E06F8F70-46B2-472E-8102-B272C114018B}.Debug|Any CPU.ActiveCfg = Debug|Any CPU
		{E06F8F70-46B2-472E-8102-B272C114018B}.Debug|Any CPU.Build.0 = Debug|Any CPU
		{E06F8F70-46B2-472E-8102-B272C114018B}.Debug|ARM.ActiveCfg = Debug|Any CPU
		{E06F8F70-46B2-472E-8102-B272C114018B}.Debug|ARM.Build.0 = Debug|Any CPU
		{E06F8F70-46B2-472E-8102-B272C114018B}.Debug|iPhone.ActiveCfg = Debug|Any CPU
		{E06F8F70-46B2-472E-8102-B272C114018B}.Debug|iPhone.Build.0 = Debug|Any CPU
		{E06F8F70-46B2-472E-8102-B272C114018B}.Debug|iPhoneSimulator.ActiveCfg = Debug|Any CPU
		{E06F8F70-46B2-472E-8102-B272C114018B}.Debug|iPhoneSimulator.Build.0 = Debug|Any CPU
		{E06F8F70-46B2-472E-8102-B272C114018B}.Debug|x64.ActiveCfg = Debug|Any CPU
		{E06F8F70-46B2-472E-8102-B272C114018B}.Debug|x64.Build.0 = Debug|Any CPU
		{E06F8F70-46B2-472E-8102-B272C114018B}.Debug|x86.ActiveCfg = Debug|Any CPU
		{E06F8F70-46B2-472E-8102-B272C114018B}.Debug|x86.Build.0 = Debug|Any CPU
		{E06F8F70-46B2-472E-8102-B272C114018B}.Release|Any CPU.ActiveCfg = Release|Any CPU
		{E06F8F70-46B2-472E-8102-B272C114018B}.Release|Any CPU.Build.0 = Release|Any CPU
		{E06F8F70-46B2-472E-8102-B272C114018B}.Release|ARM.ActiveCfg = Release|Any CPU
		{E06F8F70-46B2-472E-8102-B272C114018B}.Release|ARM.Build.0 = Release|Any CPU
		{E06F8F70-46B2-472E-8102-B272C114018B}.Release|iPhone.ActiveCfg = Release|Any CPU
		{E06F8F70-46B2-472E-8102-B272C114018B}.Release|iPhone.Build.0 = Release|Any CPU
		{E06F8F70-46B2-472E-8102-B272C114018B}.Release|iPhoneSimulator.ActiveCfg = Release|Any CPU
		{E06F8F70-46B2-472E-8102-B272C114018B}.Release|iPhoneSimulator.Build.0 = Release|Any CPU
		{E06F8F70-46B2-472E-8102-B272C114018B}.Release|x64.ActiveCfg = Release|Any CPU
		{E06F8F70-46B2-472E-8102-B272C114018B}.Release|x64.Build.0 = Release|Any CPU
		{E06F8F70-46B2-472E-8102-B272C114018B}.Release|x86.ActiveCfg = Release|Any CPU
		{E06F8F70-46B2-472E-8102-B272C114018B}.Release|x86.Build.0 = Release|Any CPU
		{224E03E4-34D8-4089-9080-D452F70A5673}.Ad-Hoc|Any CPU.ActiveCfg = Release|Any CPU
		{224E03E4-34D8-4089-9080-D452F70A5673}.Ad-Hoc|Any CPU.Build.0 = Release|Any CPU
		{224E03E4-34D8-4089-9080-D452F70A5673}.Ad-Hoc|Any CPU.Deploy.0 = Release|Any CPU
		{224E03E4-34D8-4089-9080-D452F70A5673}.Ad-Hoc|ARM.ActiveCfg = Release|Any CPU
		{224E03E4-34D8-4089-9080-D452F70A5673}.Ad-Hoc|ARM.Build.0 = Release|Any CPU
		{224E03E4-34D8-4089-9080-D452F70A5673}.Ad-Hoc|ARM.Deploy.0 = Release|Any CPU
		{224E03E4-34D8-4089-9080-D452F70A5673}.Ad-Hoc|iPhone.ActiveCfg = Release|Any CPU
		{224E03E4-34D8-4089-9080-D452F70A5673}.Ad-Hoc|iPhone.Build.0 = Release|Any CPU
		{224E03E4-34D8-4089-9080-D452F70A5673}.Ad-Hoc|iPhone.Deploy.0 = Release|Any CPU
		{224E03E4-34D8-4089-9080-D452F70A5673}.Ad-Hoc|iPhoneSimulator.ActiveCfg = Release|Any CPU
		{224E03E4-34D8-4089-9080-D452F70A5673}.Ad-Hoc|iPhoneSimulator.Build.0 = Release|Any CPU
		{224E03E4-34D8-4089-9080-D452F70A5673}.Ad-Hoc|iPhoneSimulator.Deploy.0 = Release|Any CPU
		{224E03E4-34D8-4089-9080-D452F70A5673}.Ad-Hoc|x64.ActiveCfg = Release|Any CPU
		{224E03E4-34D8-4089-9080-D452F70A5673}.Ad-Hoc|x64.Build.0 = Release|Any CPU
		{224E03E4-34D8-4089-9080-D452F70A5673}.Ad-Hoc|x64.Deploy.0 = Release|Any CPU
		{224E03E4-34D8-4089-9080-D452F70A5673}.Ad-Hoc|x86.ActiveCfg = Release|Any CPU
		{224E03E4-34D8-4089-9080-D452F70A5673}.Ad-Hoc|x86.Build.0 = Release|Any CPU
		{224E03E4-34D8-4089-9080-D452F70A5673}.Ad-Hoc|x86.Deploy.0 = Release|Any CPU
		{224E03E4-34D8-4089-9080-D452F70A5673}.AppStore|Any CPU.ActiveCfg = Release|Any CPU
		{224E03E4-34D8-4089-9080-D452F70A5673}.AppStore|Any CPU.Build.0 = Release|Any CPU
		{224E03E4-34D8-4089-9080-D452F70A5673}.AppStore|Any CPU.Deploy.0 = Release|Any CPU
		{224E03E4-34D8-4089-9080-D452F70A5673}.AppStore|ARM.ActiveCfg = Release|Any CPU
		{224E03E4-34D8-4089-9080-D452F70A5673}.AppStore|ARM.Build.0 = Release|Any CPU
		{224E03E4-34D8-4089-9080-D452F70A5673}.AppStore|ARM.Deploy.0 = Release|Any CPU
		{224E03E4-34D8-4089-9080-D452F70A5673}.AppStore|iPhone.ActiveCfg = Release|Any CPU
		{224E03E4-34D8-4089-9080-D452F70A5673}.AppStore|iPhone.Build.0 = Release|Any CPU
		{224E03E4-34D8-4089-9080-D452F70A5673}.AppStore|iPhone.Deploy.0 = Release|Any CPU
		{224E03E4-34D8-4089-9080-D452F70A5673}.AppStore|iPhoneSimulator.ActiveCfg = Release|Any CPU
		{224E03E4-34D8-4089-9080-D452F70A5673}.AppStore|iPhoneSimulator.Build.0 = Release|Any CPU
		{224E03E4-34D8-4089-9080-D452F70A5673}.AppStore|iPhoneSimulator.Deploy.0 = Release|Any CPU
		{224E03E4-34D8-4089-9080-D452F70A5673}.AppStore|x64.ActiveCfg = Release|Any CPU
		{224E03E4-34D8-4089-9080-D452F70A5673}.AppStore|x64.Build.0 = Release|Any CPU
		{224E03E4-34D8-4089-9080-D452F70A5673}.AppStore|x64.Deploy.0 = Release|Any CPU
		{224E03E4-34D8-4089-9080-D452F70A5673}.AppStore|x86.ActiveCfg = Release|Any CPU
		{224E03E4-34D8-4089-9080-D452F70A5673}.AppStore|x86.Build.0 = Release|Any CPU
		{224E03E4-34D8-4089-9080-D452F70A5673}.AppStore|x86.Deploy.0 = Release|Any CPU
		{224E03E4-34D8-4089-9080-D452F70A5673}.Debug|Any CPU.ActiveCfg = Debug|Any CPU
		{224E03E4-34D8-4089-9080-D452F70A5673}.Debug|Any CPU.Build.0 = Debug|Any CPU
		{224E03E4-34D8-4089-9080-D452F70A5673}.Debug|Any CPU.Deploy.0 = Debug|Any CPU
		{224E03E4-34D8-4089-9080-D452F70A5673}.Debug|ARM.ActiveCfg = Debug|Any CPU
		{224E03E4-34D8-4089-9080-D452F70A5673}.Debug|ARM.Build.0 = Debug|Any CPU
		{224E03E4-34D8-4089-9080-D452F70A5673}.Debug|ARM.Deploy.0 = Debug|Any CPU
		{224E03E4-34D8-4089-9080-D452F70A5673}.Debug|iPhone.ActiveCfg = Debug|Any CPU
		{224E03E4-34D8-4089-9080-D452F70A5673}.Debug|iPhone.Build.0 = Debug|Any CPU
		{224E03E4-34D8-4089-9080-D452F70A5673}.Debug|iPhone.Deploy.0 = Debug|Any CPU
		{224E03E4-34D8-4089-9080-D452F70A5673}.Debug|iPhoneSimulator.ActiveCfg = Debug|Any CPU
		{224E03E4-34D8-4089-9080-D452F70A5673}.Debug|iPhoneSimulator.Build.0 = Debug|Any CPU
		{224E03E4-34D8-4089-9080-D452F70A5673}.Debug|iPhoneSimulator.Deploy.0 = Debug|Any CPU
		{224E03E4-34D8-4089-9080-D452F70A5673}.Debug|x64.ActiveCfg = Debug|Any CPU
		{224E03E4-34D8-4089-9080-D452F70A5673}.Debug|x64.Build.0 = Debug|Any CPU
		{224E03E4-34D8-4089-9080-D452F70A5673}.Debug|x64.Deploy.0 = Debug|Any CPU
		{224E03E4-34D8-4089-9080-D452F70A5673}.Debug|x86.ActiveCfg = Debug|Any CPU
		{224E03E4-34D8-4089-9080-D452F70A5673}.Debug|x86.Build.0 = Debug|Any CPU
		{224E03E4-34D8-4089-9080-D452F70A5673}.Debug|x86.Deploy.0 = Debug|Any CPU
		{224E03E4-34D8-4089-9080-D452F70A5673}.Release|Any CPU.ActiveCfg = Release|Any CPU
		{224E03E4-34D8-4089-9080-D452F70A5673}.Release|Any CPU.Build.0 = Release|Any CPU
		{224E03E4-34D8-4089-9080-D452F70A5673}.Release|Any CPU.Deploy.0 = Release|Any CPU
		{224E03E4-34D8-4089-9080-D452F70A5673}.Release|ARM.ActiveCfg = Release|Any CPU
		{224E03E4-34D8-4089-9080-D452F70A5673}.Release|ARM.Build.0 = Release|Any CPU
		{224E03E4-34D8-4089-9080-D452F70A5673}.Release|ARM.Deploy.0 = Release|Any CPU
		{224E03E4-34D8-4089-9080-D452F70A5673}.Release|iPhone.ActiveCfg = Release|Any CPU
		{224E03E4-34D8-4089-9080-D452F70A5673}.Release|iPhone.Build.0 = Release|Any CPU
		{224E03E4-34D8-4089-9080-D452F70A5673}.Release|iPhone.Deploy.0 = Release|Any CPU
		{224E03E4-34D8-4089-9080-D452F70A5673}.Release|iPhoneSimulator.ActiveCfg = Release|Any CPU
		{224E03E4-34D8-4089-9080-D452F70A5673}.Release|iPhoneSimulator.Build.0 = Release|Any CPU
		{224E03E4-34D8-4089-9080-D452F70A5673}.Release|iPhoneSimulator.Deploy.0 = Release|Any CPU
		{224E03E4-34D8-4089-9080-D452F70A5673}.Release|x64.ActiveCfg = Release|Any CPU
		{224E03E4-34D8-4089-9080-D452F70A5673}.Release|x64.Build.0 = Release|Any CPU
		{224E03E4-34D8-4089-9080-D452F70A5673}.Release|x64.Deploy.0 = Release|Any CPU
		{224E03E4-34D8-4089-9080-D452F70A5673}.Release|x86.ActiveCfg = Release|Any CPU
		{224E03E4-34D8-4089-9080-D452F70A5673}.Release|x86.Build.0 = Release|Any CPU
		{224E03E4-34D8-4089-9080-D452F70A5673}.Release|x86.Deploy.0 = Release|Any CPU
		{428F14C8-7205-453C-AF02-F0D6FCCE9683}.Ad-Hoc|Any CPU.ActiveCfg = Ad-Hoc|iPhone
		{428F14C8-7205-453C-AF02-F0D6FCCE9683}.Ad-Hoc|ARM.ActiveCfg = Ad-Hoc|iPhone
		{428F14C8-7205-453C-AF02-F0D6FCCE9683}.Ad-Hoc|iPhone.ActiveCfg = Ad-Hoc|iPhone
		{428F14C8-7205-453C-AF02-F0D6FCCE9683}.Ad-Hoc|iPhone.Build.0 = Ad-Hoc|iPhone
		{428F14C8-7205-453C-AF02-F0D6FCCE9683}.Ad-Hoc|iPhoneSimulator.ActiveCfg = Ad-Hoc|iPhoneSimulator
		{428F14C8-7205-453C-AF02-F0D6FCCE9683}.Ad-Hoc|iPhoneSimulator.Build.0 = Ad-Hoc|iPhoneSimulator
		{428F14C8-7205-453C-AF02-F0D6FCCE9683}.Ad-Hoc|x64.ActiveCfg = Ad-Hoc|iPhone
		{428F14C8-7205-453C-AF02-F0D6FCCE9683}.Ad-Hoc|x86.ActiveCfg = Ad-Hoc|iPhone
		{428F14C8-7205-453C-AF02-F0D6FCCE9683}.AppStore|Any CPU.ActiveCfg = AppStore|iPhone
		{428F14C8-7205-453C-AF02-F0D6FCCE9683}.AppStore|ARM.ActiveCfg = AppStore|iPhone
		{428F14C8-7205-453C-AF02-F0D6FCCE9683}.AppStore|iPhone.ActiveCfg = AppStore|iPhone
		{428F14C8-7205-453C-AF02-F0D6FCCE9683}.AppStore|iPhone.Build.0 = AppStore|iPhone
		{428F14C8-7205-453C-AF02-F0D6FCCE9683}.AppStore|iPhoneSimulator.ActiveCfg = AppStore|iPhoneSimulator
		{428F14C8-7205-453C-AF02-F0D6FCCE9683}.AppStore|iPhoneSimulator.Build.0 = AppStore|iPhoneSimulator
		{428F14C8-7205-453C-AF02-F0D6FCCE9683}.AppStore|x64.ActiveCfg = AppStore|iPhone
		{428F14C8-7205-453C-AF02-F0D6FCCE9683}.AppStore|x86.ActiveCfg = AppStore|iPhone
		{428F14C8-7205-453C-AF02-F0D6FCCE9683}.Debug|Any CPU.ActiveCfg = Debug|iPhone
		{428F14C8-7205-453C-AF02-F0D6FCCE9683}.Debug|ARM.ActiveCfg = Debug|iPhone
		{428F14C8-7205-453C-AF02-F0D6FCCE9683}.Debug|iPhone.ActiveCfg = Debug|iPhone
		{428F14C8-7205-453C-AF02-F0D6FCCE9683}.Debug|iPhone.Build.0 = Debug|iPhone
		{428F14C8-7205-453C-AF02-F0D6FCCE9683}.Debug|iPhoneSimulator.ActiveCfg = Debug|iPhoneSimulator
		{428F14C8-7205-453C-AF02-F0D6FCCE9683}.Debug|iPhoneSimulator.Build.0 = Debug|iPhoneSimulator
		{428F14C8-7205-453C-AF02-F0D6FCCE9683}.Debug|x64.ActiveCfg = Debug|iPhone
		{428F14C8-7205-453C-AF02-F0D6FCCE9683}.Debug|x86.ActiveCfg = Debug|iPhone
		{428F14C8-7205-453C-AF02-F0D6FCCE9683}.Release|Any CPU.ActiveCfg = Release|iPhone
		{428F14C8-7205-453C-AF02-F0D6FCCE9683}.Release|ARM.ActiveCfg = Release|iPhone
		{428F14C8-7205-453C-AF02-F0D6FCCE9683}.Release|iPhone.ActiveCfg = Release|iPhone
		{428F14C8-7205-453C-AF02-F0D6FCCE9683}.Release|iPhone.Build.0 = Release|iPhone
		{428F14C8-7205-453C-AF02-F0D6FCCE9683}.Release|iPhoneSimulator.ActiveCfg = Release|iPhoneSimulator
		{428F14C8-7205-453C-AF02-F0D6FCCE9683}.Release|iPhoneSimulator.Build.0 = Release|iPhoneSimulator
		{428F14C8-7205-453C-AF02-F0D6FCCE9683}.Release|x64.ActiveCfg = Release|iPhone
		{428F14C8-7205-453C-AF02-F0D6FCCE9683}.Release|x86.ActiveCfg = Release|iPhone
		{059266B4-E61B-4D63-88FE-20A8AEEAF397}.Ad-Hoc|Any CPU.ActiveCfg = Release|Any CPU
		{059266B4-E61B-4D63-88FE-20A8AEEAF397}.Ad-Hoc|Any CPU.Build.0 = Release|Any CPU
		{059266B4-E61B-4D63-88FE-20A8AEEAF397}.Ad-Hoc|Any CPU.Deploy.0 = Release|Any CPU
		{059266B4-E61B-4D63-88FE-20A8AEEAF397}.Ad-Hoc|ARM.ActiveCfg = Release|ARM
		{059266B4-E61B-4D63-88FE-20A8AEEAF397}.Ad-Hoc|ARM.Build.0 = Release|ARM
		{059266B4-E61B-4D63-88FE-20A8AEEAF397}.Ad-Hoc|ARM.Deploy.0 = Release|ARM
		{059266B4-E61B-4D63-88FE-20A8AEEAF397}.Ad-Hoc|iPhone.ActiveCfg = Release|Any CPU
		{059266B4-E61B-4D63-88FE-20A8AEEAF397}.Ad-Hoc|iPhone.Build.0 = Release|Any CPU
		{059266B4-E61B-4D63-88FE-20A8AEEAF397}.Ad-Hoc|iPhone.Deploy.0 = Release|Any CPU
		{059266B4-E61B-4D63-88FE-20A8AEEAF397}.Ad-Hoc|iPhoneSimulator.ActiveCfg = Release|Any CPU
		{059266B4-E61B-4D63-88FE-20A8AEEAF397}.Ad-Hoc|iPhoneSimulator.Build.0 = Release|Any CPU
		{059266B4-E61B-4D63-88FE-20A8AEEAF397}.Ad-Hoc|iPhoneSimulator.Deploy.0 = Release|Any CPU
		{059266B4-E61B-4D63-88FE-20A8AEEAF397}.Ad-Hoc|x64.ActiveCfg = Release|Any CPU
		{059266B4-E61B-4D63-88FE-20A8AEEAF397}.Ad-Hoc|x64.Build.0 = Release|Any CPU
		{059266B4-E61B-4D63-88FE-20A8AEEAF397}.Ad-Hoc|x64.Deploy.0 = Release|Any CPU
		{059266B4-E61B-4D63-88FE-20A8AEEAF397}.Ad-Hoc|x86.ActiveCfg = Release|x86
		{059266B4-E61B-4D63-88FE-20A8AEEAF397}.Ad-Hoc|x86.Build.0 = Release|x86
		{059266B4-E61B-4D63-88FE-20A8AEEAF397}.Ad-Hoc|x86.Deploy.0 = Release|x86
		{059266B4-E61B-4D63-88FE-20A8AEEAF397}.AppStore|Any CPU.ActiveCfg = Release|Any CPU
		{059266B4-E61B-4D63-88FE-20A8AEEAF397}.AppStore|Any CPU.Build.0 = Release|Any CPU
		{059266B4-E61B-4D63-88FE-20A8AEEAF397}.AppStore|Any CPU.Deploy.0 = Release|Any CPU
		{059266B4-E61B-4D63-88FE-20A8AEEAF397}.AppStore|ARM.ActiveCfg = Release|ARM
		{059266B4-E61B-4D63-88FE-20A8AEEAF397}.AppStore|ARM.Build.0 = Release|ARM
		{059266B4-E61B-4D63-88FE-20A8AEEAF397}.AppStore|ARM.Deploy.0 = Release|ARM
		{059266B4-E61B-4D63-88FE-20A8AEEAF397}.AppStore|iPhone.ActiveCfg = Release|Any CPU
		{059266B4-E61B-4D63-88FE-20A8AEEAF397}.AppStore|iPhone.Build.0 = Release|Any CPU
		{059266B4-E61B-4D63-88FE-20A8AEEAF397}.AppStore|iPhone.Deploy.0 = Release|Any CPU
		{059266B4-E61B-4D63-88FE-20A8AEEAF397}.AppStore|iPhoneSimulator.ActiveCfg = Release|Any CPU
		{059266B4-E61B-4D63-88FE-20A8AEEAF397}.AppStore|iPhoneSimulator.Build.0 = Release|Any CPU
		{059266B4-E61B-4D63-88FE-20A8AEEAF397}.AppStore|iPhoneSimulator.Deploy.0 = Release|Any CPU
		{059266B4-E61B-4D63-88FE-20A8AEEAF397}.AppStore|x64.ActiveCfg = Release|Any CPU
		{059266B4-E61B-4D63-88FE-20A8AEEAF397}.AppStore|x64.Build.0 = Release|Any CPU
		{059266B4-E61B-4D63-88FE-20A8AEEAF397}.AppStore|x64.Deploy.0 = Release|Any CPU
		{059266B4-E61B-4D63-88FE-20A8AEEAF397}.AppStore|x86.ActiveCfg = Release|x86
		{059266B4-E61B-4D63-88FE-20A8AEEAF397}.AppStore|x86.Build.0 = Release|x86
		{059266B4-E61B-4D63-88FE-20A8AEEAF397}.AppStore|x86.Deploy.0 = Release|x86
		{059266B4-E61B-4D63-88FE-20A8AEEAF397}.Debug|Any CPU.ActiveCfg = Debug|Any CPU
		{059266B4-E61B-4D63-88FE-20A8AEEAF397}.Debug|Any CPU.Build.0 = Debug|Any CPU
		{059266B4-E61B-4D63-88FE-20A8AEEAF397}.Debug|Any CPU.Deploy.0 = Debug|Any CPU
		{059266B4-E61B-4D63-88FE-20A8AEEAF397}.Debug|ARM.ActiveCfg = Debug|ARM
		{059266B4-E61B-4D63-88FE-20A8AEEAF397}.Debug|ARM.Build.0 = Debug|ARM
		{059266B4-E61B-4D63-88FE-20A8AEEAF397}.Debug|ARM.Deploy.0 = Debug|ARM
		{059266B4-E61B-4D63-88FE-20A8AEEAF397}.Debug|iPhone.ActiveCfg = Debug|Any CPU
		{059266B4-E61B-4D63-88FE-20A8AEEAF397}.Debug|iPhone.Build.0 = Debug|Any CPU
		{059266B4-E61B-4D63-88FE-20A8AEEAF397}.Debug|iPhone.Deploy.0 = Debug|Any CPU
		{059266B4-E61B-4D63-88FE-20A8AEEAF397}.Debug|iPhoneSimulator.ActiveCfg = Debug|Any CPU
		{059266B4-E61B-4D63-88FE-20A8AEEAF397}.Debug|iPhoneSimulator.Build.0 = Debug|Any CPU
		{059266B4-E61B-4D63-88FE-20A8AEEAF397}.Debug|iPhoneSimulator.Deploy.0 = Debug|Any CPU
		{059266B4-E61B-4D63-88FE-20A8AEEAF397}.Debug|x64.ActiveCfg = Debug|Any CPU
		{059266B4-E61B-4D63-88FE-20A8AEEAF397}.Debug|x64.Build.0 = Debug|Any CPU
		{059266B4-E61B-4D63-88FE-20A8AEEAF397}.Debug|x64.Deploy.0 = Debug|Any CPU
		{059266B4-E61B-4D63-88FE-20A8AEEAF397}.Debug|x86.ActiveCfg = Debug|x86
		{059266B4-E61B-4D63-88FE-20A8AEEAF397}.Debug|x86.Build.0 = Debug|x86
		{059266B4-E61B-4D63-88FE-20A8AEEAF397}.Debug|x86.Deploy.0 = Debug|x86
		{059266B4-E61B-4D63-88FE-20A8AEEAF397}.Release|Any CPU.ActiveCfg = Release|Any CPU
		{059266B4-E61B-4D63-88FE-20A8AEEAF397}.Release|Any CPU.Build.0 = Release|Any CPU
		{059266B4-E61B-4D63-88FE-20A8AEEAF397}.Release|Any CPU.Deploy.0 = Release|Any CPU
		{059266B4-E61B-4D63-88FE-20A8AEEAF397}.Release|ARM.ActiveCfg = Release|ARM
		{059266B4-E61B-4D63-88FE-20A8AEEAF397}.Release|ARM.Build.0 = Release|ARM
		{059266B4-E61B-4D63-88FE-20A8AEEAF397}.Release|ARM.Deploy.0 = Release|ARM
		{059266B4-E61B-4D63-88FE-20A8AEEAF397}.Release|iPhone.ActiveCfg = Release|Any CPU
		{059266B4-E61B-4D63-88FE-20A8AEEAF397}.Release|iPhone.Build.0 = Release|Any CPU
		{059266B4-E61B-4D63-88FE-20A8AEEAF397}.Release|iPhone.Deploy.0 = Release|Any CPU
		{059266B4-E61B-4D63-88FE-20A8AEEAF397}.Release|iPhoneSimulator.ActiveCfg = Release|Any CPU
		{059266B4-E61B-4D63-88FE-20A8AEEAF397}.Release|iPhoneSimulator.Build.0 = Release|Any CPU
		{059266B4-E61B-4D63-88FE-20A8AEEAF397}.Release|iPhoneSimulator.Deploy.0 = Release|Any CPU
		{059266B4-E61B-4D63-88FE-20A8AEEAF397}.Release|x64.ActiveCfg = Release|Any CPU
		{059266B4-E61B-4D63-88FE-20A8AEEAF397}.Release|x64.Build.0 = Release|Any CPU
		{059266B4-E61B-4D63-88FE-20A8AEEAF397}.Release|x64.Deploy.0 = Release|Any CPU
		{059266B4-E61B-4D63-88FE-20A8AEEAF397}.Release|x86.ActiveCfg = Release|x86
		{059266B4-E61B-4D63-88FE-20A8AEEAF397}.Release|x86.Build.0 = Release|x86
		{059266B4-E61B-4D63-88FE-20A8AEEAF397}.Release|x86.Deploy.0 = Release|x86
		{09C2151E-98D8-4E09-BFB1-CA13EA0B8CEB}.Ad-Hoc|Any CPU.ActiveCfg = Release|x86
		{09C2151E-98D8-4E09-BFB1-CA13EA0B8CEB}.Ad-Hoc|Any CPU.Build.0 = Release|x86
		{09C2151E-98D8-4E09-BFB1-CA13EA0B8CEB}.Ad-Hoc|Any CPU.Deploy.0 = Release|x86
		{09C2151E-98D8-4E09-BFB1-CA13EA0B8CEB}.Ad-Hoc|ARM.ActiveCfg = Release|ARM
		{09C2151E-98D8-4E09-BFB1-CA13EA0B8CEB}.Ad-Hoc|ARM.Build.0 = Release|ARM
		{09C2151E-98D8-4E09-BFB1-CA13EA0B8CEB}.Ad-Hoc|ARM.Deploy.0 = Release|ARM
		{09C2151E-98D8-4E09-BFB1-CA13EA0B8CEB}.Ad-Hoc|iPhone.ActiveCfg = Release|x86
		{09C2151E-98D8-4E09-BFB1-CA13EA0B8CEB}.Ad-Hoc|iPhone.Build.0 = Release|x86
		{09C2151E-98D8-4E09-BFB1-CA13EA0B8CEB}.Ad-Hoc|iPhone.Deploy.0 = Release|x86
		{09C2151E-98D8-4E09-BFB1-CA13EA0B8CEB}.Ad-Hoc|iPhoneSimulator.ActiveCfg = Release|x86
		{09C2151E-98D8-4E09-BFB1-CA13EA0B8CEB}.Ad-Hoc|iPhoneSimulator.Build.0 = Release|x86
		{09C2151E-98D8-4E09-BFB1-CA13EA0B8CEB}.Ad-Hoc|iPhoneSimulator.Deploy.0 = Release|x86
		{09C2151E-98D8-4E09-BFB1-CA13EA0B8CEB}.Ad-Hoc|x64.ActiveCfg = Release|x64
		{09C2151E-98D8-4E09-BFB1-CA13EA0B8CEB}.Ad-Hoc|x64.Build.0 = Release|x64
		{09C2151E-98D8-4E09-BFB1-CA13EA0B8CEB}.Ad-Hoc|x64.Deploy.0 = Release|x64
		{09C2151E-98D8-4E09-BFB1-CA13EA0B8CEB}.Ad-Hoc|x86.ActiveCfg = Release|x86
		{09C2151E-98D8-4E09-BFB1-CA13EA0B8CEB}.Ad-Hoc|x86.Build.0 = Release|x86
		{09C2151E-98D8-4E09-BFB1-CA13EA0B8CEB}.Ad-Hoc|x86.Deploy.0 = Release|x86
		{09C2151E-98D8-4E09-BFB1-CA13EA0B8CEB}.AppStore|Any CPU.ActiveCfg = Release|x86
		{09C2151E-98D8-4E09-BFB1-CA13EA0B8CEB}.AppStore|Any CPU.Build.0 = Release|x86
		{09C2151E-98D8-4E09-BFB1-CA13EA0B8CEB}.AppStore|Any CPU.Deploy.0 = Release|x86
		{09C2151E-98D8-4E09-BFB1-CA13EA0B8CEB}.AppStore|ARM.ActiveCfg = Release|ARM
		{09C2151E-98D8-4E09-BFB1-CA13EA0B8CEB}.AppStore|ARM.Build.0 = Release|ARM
		{09C2151E-98D8-4E09-BFB1-CA13EA0B8CEB}.AppStore|ARM.Deploy.0 = Release|ARM
		{09C2151E-98D8-4E09-BFB1-CA13EA0B8CEB}.AppStore|iPhone.ActiveCfg = Release|x86
		{09C2151E-98D8-4E09-BFB1-CA13EA0B8CEB}.AppStore|iPhone.Build.0 = Release|x86
		{09C2151E-98D8-4E09-BFB1-CA13EA0B8CEB}.AppStore|iPhone.Deploy.0 = Release|x86
		{09C2151E-98D8-4E09-BFB1-CA13EA0B8CEB}.AppStore|iPhoneSimulator.ActiveCfg = Release|x86
		{09C2151E-98D8-4E09-BFB1-CA13EA0B8CEB}.AppStore|iPhoneSimulator.Build.0 = Release|x86
		{09C2151E-98D8-4E09-BFB1-CA13EA0B8CEB}.AppStore|iPhoneSimulator.Deploy.0 = Release|x86
		{09C2151E-98D8-4E09-BFB1-CA13EA0B8CEB}.AppStore|x64.ActiveCfg = Release|x64
		{09C2151E-98D8-4E09-BFB1-CA13EA0B8CEB}.AppStore|x64.Build.0 = Release|x64
		{09C2151E-98D8-4E09-BFB1-CA13EA0B8CEB}.AppStore|x64.Deploy.0 = Release|x64
		{09C2151E-98D8-4E09-BFB1-CA13EA0B8CEB}.AppStore|x86.ActiveCfg = Release|x86
		{09C2151E-98D8-4E09-BFB1-CA13EA0B8CEB}.AppStore|x86.Build.0 = Release|x86
		{09C2151E-98D8-4E09-BFB1-CA13EA0B8CEB}.AppStore|x86.Deploy.0 = Release|x86
		{09C2151E-98D8-4E09-BFB1-CA13EA0B8CEB}.Debug|Any CPU.ActiveCfg = Debug|x86
		{09C2151E-98D8-4E09-BFB1-CA13EA0B8CEB}.Debug|ARM.ActiveCfg = Debug|ARM
		{09C2151E-98D8-4E09-BFB1-CA13EA0B8CEB}.Debug|ARM.Build.0 = Debug|ARM
		{09C2151E-98D8-4E09-BFB1-CA13EA0B8CEB}.Debug|ARM.Deploy.0 = Debug|ARM
		{09C2151E-98D8-4E09-BFB1-CA13EA0B8CEB}.Debug|iPhone.ActiveCfg = Debug|x86
		{09C2151E-98D8-4E09-BFB1-CA13EA0B8CEB}.Debug|iPhoneSimulator.ActiveCfg = Debug|x86
		{09C2151E-98D8-4E09-BFB1-CA13EA0B8CEB}.Debug|x64.ActiveCfg = Debug|x64
		{09C2151E-98D8-4E09-BFB1-CA13EA0B8CEB}.Debug|x64.Build.0 = Debug|x64
		{09C2151E-98D8-4E09-BFB1-CA13EA0B8CEB}.Debug|x64.Deploy.0 = Debug|x64
		{09C2151E-98D8-4E09-BFB1-CA13EA0B8CEB}.Debug|x86.ActiveCfg = Debug|x86
		{09C2151E-98D8-4E09-BFB1-CA13EA0B8CEB}.Debug|x86.Build.0 = Debug|x86
		{09C2151E-98D8-4E09-BFB1-CA13EA0B8CEB}.Debug|x86.Deploy.0 = Debug|x86
		{09C2151E-98D8-4E09-BFB1-CA13EA0B8CEB}.Release|Any CPU.ActiveCfg = Release|x86
		{09C2151E-98D8-4E09-BFB1-CA13EA0B8CEB}.Release|ARM.ActiveCfg = Release|ARM
		{09C2151E-98D8-4E09-BFB1-CA13EA0B8CEB}.Release|ARM.Build.0 = Release|ARM
		{09C2151E-98D8-4E09-BFB1-CA13EA0B8CEB}.Release|ARM.Deploy.0 = Release|ARM
		{09C2151E-98D8-4E09-BFB1-CA13EA0B8CEB}.Release|iPhone.ActiveCfg = Release|x86
		{09C2151E-98D8-4E09-BFB1-CA13EA0B8CEB}.Release|iPhoneSimulator.ActiveCfg = Release|x86
		{09C2151E-98D8-4E09-BFB1-CA13EA0B8CEB}.Release|x64.ActiveCfg = Release|x64
		{09C2151E-98D8-4E09-BFB1-CA13EA0B8CEB}.Release|x64.Build.0 = Release|x64
		{09C2151E-98D8-4E09-BFB1-CA13EA0B8CEB}.Release|x64.Deploy.0 = Release|x64
		{09C2151E-98D8-4E09-BFB1-CA13EA0B8CEB}.Release|x86.ActiveCfg = Release|x86
		{09C2151E-98D8-4E09-BFB1-CA13EA0B8CEB}.Release|x86.Build.0 = Release|x86
		{09C2151E-98D8-4E09-BFB1-CA13EA0B8CEB}.Release|x86.Deploy.0 = Release|x86
		{A97ADEC7-DBBC-4CCD-9F88-508899E82213}.Ad-Hoc|Any CPU.ActiveCfg = Release|Any CPU
		{A97ADEC7-DBBC-4CCD-9F88-508899E82213}.Ad-Hoc|Any CPU.Build.0 = Release|Any CPU
		{A97ADEC7-DBBC-4CCD-9F88-508899E82213}.Ad-Hoc|Any CPU.Deploy.0 = Release|Any CPU
		{A97ADEC7-DBBC-4CCD-9F88-508899E82213}.Ad-Hoc|ARM.ActiveCfg = Release|ARM
		{A97ADEC7-DBBC-4CCD-9F88-508899E82213}.Ad-Hoc|ARM.Build.0 = Release|ARM
		{A97ADEC7-DBBC-4CCD-9F88-508899E82213}.Ad-Hoc|ARM.Deploy.0 = Release|ARM
		{A97ADEC7-DBBC-4CCD-9F88-508899E82213}.Ad-Hoc|iPhone.ActiveCfg = Release|Any CPU
		{A97ADEC7-DBBC-4CCD-9F88-508899E82213}.Ad-Hoc|iPhone.Build.0 = Release|Any CPU
		{A97ADEC7-DBBC-4CCD-9F88-508899E82213}.Ad-Hoc|iPhone.Deploy.0 = Release|Any CPU
		{A97ADEC7-DBBC-4CCD-9F88-508899E82213}.Ad-Hoc|iPhoneSimulator.ActiveCfg = Release|Any CPU
		{A97ADEC7-DBBC-4CCD-9F88-508899E82213}.Ad-Hoc|iPhoneSimulator.Build.0 = Release|Any CPU
		{A97ADEC7-DBBC-4CCD-9F88-508899E82213}.Ad-Hoc|iPhoneSimulator.Deploy.0 = Release|Any CPU
		{A97ADEC7-DBBC-4CCD-9F88-508899E82213}.Ad-Hoc|x64.ActiveCfg = Release|x64
		{A97ADEC7-DBBC-4CCD-9F88-508899E82213}.Ad-Hoc|x64.Build.0 = Release|x64
		{A97ADEC7-DBBC-4CCD-9F88-508899E82213}.Ad-Hoc|x64.Deploy.0 = Release|x64
		{A97ADEC7-DBBC-4CCD-9F88-508899E82213}.Ad-Hoc|x86.ActiveCfg = Release|x86
		{A97ADEC7-DBBC-4CCD-9F88-508899E82213}.Ad-Hoc|x86.Build.0 = Release|x86
		{A97ADEC7-DBBC-4CCD-9F88-508899E82213}.Ad-Hoc|x86.Deploy.0 = Release|x86
		{A97ADEC7-DBBC-4CCD-9F88-508899E82213}.AppStore|Any CPU.ActiveCfg = Release|Any CPU
		{A97ADEC7-DBBC-4CCD-9F88-508899E82213}.AppStore|Any CPU.Build.0 = Release|Any CPU
		{A97ADEC7-DBBC-4CCD-9F88-508899E82213}.AppStore|Any CPU.Deploy.0 = Release|Any CPU
		{A97ADEC7-DBBC-4CCD-9F88-508899E82213}.AppStore|ARM.ActiveCfg = Release|ARM
		{A97ADEC7-DBBC-4CCD-9F88-508899E82213}.AppStore|ARM.Build.0 = Release|ARM
		{A97ADEC7-DBBC-4CCD-9F88-508899E82213}.AppStore|ARM.Deploy.0 = Release|ARM
		{A97ADEC7-DBBC-4CCD-9F88-508899E82213}.AppStore|iPhone.ActiveCfg = Release|Any CPU
		{A97ADEC7-DBBC-4CCD-9F88-508899E82213}.AppStore|iPhone.Build.0 = Release|Any CPU
		{A97ADEC7-DBBC-4CCD-9F88-508899E82213}.AppStore|iPhone.Deploy.0 = Release|Any CPU
		{A97ADEC7-DBBC-4CCD-9F88-508899E82213}.AppStore|iPhoneSimulator.ActiveCfg = Release|Any CPU
		{A97ADEC7-DBBC-4CCD-9F88-508899E82213}.AppStore|iPhoneSimulator.Build.0 = Release|Any CPU
		{A97ADEC7-DBBC-4CCD-9F88-508899E82213}.AppStore|iPhoneSimulator.Deploy.0 = Release|Any CPU
		{A97ADEC7-DBBC-4CCD-9F88-508899E82213}.AppStore|x64.ActiveCfg = Release|x64
		{A97ADEC7-DBBC-4CCD-9F88-508899E82213}.AppStore|x64.Build.0 = Release|x64
		{A97ADEC7-DBBC-4CCD-9F88-508899E82213}.AppStore|x64.Deploy.0 = Release|x64
		{A97ADEC7-DBBC-4CCD-9F88-508899E82213}.AppStore|x86.ActiveCfg = Release|x86
		{A97ADEC7-DBBC-4CCD-9F88-508899E82213}.AppStore|x86.Build.0 = Release|x86
		{A97ADEC7-DBBC-4CCD-9F88-508899E82213}.AppStore|x86.Deploy.0 = Release|x86
		{A97ADEC7-DBBC-4CCD-9F88-508899E82213}.Debug|Any CPU.ActiveCfg = Debug|Any CPU
		{A97ADEC7-DBBC-4CCD-9F88-508899E82213}.Debug|Any CPU.Build.0 = Debug|Any CPU
		{A97ADEC7-DBBC-4CCD-9F88-508899E82213}.Debug|Any CPU.Deploy.0 = Debug|Any CPU
		{A97ADEC7-DBBC-4CCD-9F88-508899E82213}.Debug|ARM.ActiveCfg = Debug|ARM
		{A97ADEC7-DBBC-4CCD-9F88-508899E82213}.Debug|ARM.Build.0 = Debug|ARM
		{A97ADEC7-DBBC-4CCD-9F88-508899E82213}.Debug|ARM.Deploy.0 = Debug|ARM
		{A97ADEC7-DBBC-4CCD-9F88-508899E82213}.Debug|iPhone.ActiveCfg = Debug|Any CPU
		{A97ADEC7-DBBC-4CCD-9F88-508899E82213}.Debug|iPhone.Build.0 = Debug|Any CPU
		{A97ADEC7-DBBC-4CCD-9F88-508899E82213}.Debug|iPhone.Deploy.0 = Debug|Any CPU
		{A97ADEC7-DBBC-4CCD-9F88-508899E82213}.Debug|iPhoneSimulator.ActiveCfg = Debug|Any CPU
		{A97ADEC7-DBBC-4CCD-9F88-508899E82213}.Debug|iPhoneSimulator.Build.0 = Debug|Any CPU
		{A97ADEC7-DBBC-4CCD-9F88-508899E82213}.Debug|iPhoneSimulator.Deploy.0 = Debug|Any CPU
		{A97ADEC7-DBBC-4CCD-9F88-508899E82213}.Debug|x64.ActiveCfg = Debug|x64
		{A97ADEC7-DBBC-4CCD-9F88-508899E82213}.Debug|x64.Build.0 = Debug|x64
		{A97ADEC7-DBBC-4CCD-9F88-508899E82213}.Debug|x64.Deploy.0 = Debug|x64
		{A97ADEC7-DBBC-4CCD-9F88-508899E82213}.Debug|x86.ActiveCfg = Debug|x86
		{A97ADEC7-DBBC-4CCD-9F88-508899E82213}.Debug|x86.Build.0 = Debug|x86
		{A97ADEC7-DBBC-4CCD-9F88-508899E82213}.Debug|x86.Deploy.0 = Debug|x86
		{A97ADEC7-DBBC-4CCD-9F88-508899E82213}.Release|Any CPU.ActiveCfg = Release|Any CPU
		{A97ADEC7-DBBC-4CCD-9F88-508899E82213}.Release|Any CPU.Build.0 = Release|Any CPU
		{A97ADEC7-DBBC-4CCD-9F88-508899E82213}.Release|Any CPU.Deploy.0 = Release|Any CPU
		{A97ADEC7-DBBC-4CCD-9F88-508899E82213}.Release|ARM.ActiveCfg = Release|ARM
		{A97ADEC7-DBBC-4CCD-9F88-508899E82213}.Release|ARM.Build.0 = Release|ARM
		{A97ADEC7-DBBC-4CCD-9F88-508899E82213}.Release|ARM.Deploy.0 = Release|ARM
		{A97ADEC7-DBBC-4CCD-9F88-508899E82213}.Release|iPhone.ActiveCfg = Release|Any CPU
		{A97ADEC7-DBBC-4CCD-9F88-508899E82213}.Release|iPhone.Build.0 = Release|Any CPU
		{A97ADEC7-DBBC-4CCD-9F88-508899E82213}.Release|iPhone.Deploy.0 = Release|Any CPU
		{A97ADEC7-DBBC-4CCD-9F88-508899E82213}.Release|iPhoneSimulator.ActiveCfg = Release|Any CPU
		{A97ADEC7-DBBC-4CCD-9F88-508899E82213}.Release|iPhoneSimulator.Build.0 = Release|Any CPU
		{A97ADEC7-DBBC-4CCD-9F88-508899E82213}.Release|iPhoneSimulator.Deploy.0 = Release|Any CPU
		{A97ADEC7-DBBC-4CCD-9F88-508899E82213}.Release|x64.ActiveCfg = Release|x64
		{A97ADEC7-DBBC-4CCD-9F88-508899E82213}.Release|x64.Build.0 = Release|x64
		{A97ADEC7-DBBC-4CCD-9F88-508899E82213}.Release|x64.Deploy.0 = Release|x64
		{A97ADEC7-DBBC-4CCD-9F88-508899E82213}.Release|x86.ActiveCfg = Release|x86
		{A97ADEC7-DBBC-4CCD-9F88-508899E82213}.Release|x86.Build.0 = Release|x86
		{A97ADEC7-DBBC-4CCD-9F88-508899E82213}.Release|x86.Deploy.0 = Release|x86
	EndGlobalSection
	GlobalSection(SolutionProperties) = preSolution
		HideSolutionNode = FALSE
	EndGlobalSection
EndGlobal
